{
  "name": "bzr-telemetry",
  "version": "0.2.1",
  "lockfileVersion": 3,
  "requires": true,
  "packages": {
    "": {
      "name": "bzr-telemetry",
      "version": "0.2.1",
      "license": "MIT",
      "devDependencies": {
        "@angular/common": "^21.0.0",
        "@angular/core": "^21.0.0",
        "@angular/platform-browser": "^21.0.0",
        "@angular/router": "^21.0.0",
        "posthog-js": "^1.438.0",
        "rxjs": "^7.8.0",
        "typescript": "~5.9.0"
      },
      "peerDependencies": {
        "@angular/core": ">=19",
        "@angular/router": ">=19",
        "posthog-js": "^1.200.0"
      },
      "peerDependenciesMeta": {
        "@angular/core": {
          "optional": true
        },
        "@angular/router": {
          "optional": true
        },
        "posthog-js": {
          "optional": true
        }
      }
    },
    "node_modules/@angular/common": {
      "version": "21.2.25",
      "resolved": "https://registry.npmjs.org/@angular/common/-/common-21.2.25.tgz",
      "integrity": "sha512-1oxSrFqMyJF6xYXBDrciZSe3A67E5feYQXhmxH3d0hLe0wWM/pFZTvCvSnA65wHj8NTonuI7/HMBPwRKddHoGw==",
      "dev": true,
      "dependencies": {
        "tslib": "^2.3.0"
      },
      "engines": {
        "node": "^20.19.0 || ^22.12.0 || >=24.0.0"
      },
      "peerDependencies": {
        "@angular/core": "21.2.25",
        "rxjs": "^6.5.3 || ^7.4.0"
      }
    },
    "node_modules/@angular/core": {
      "version": "21.2.25",
      "resolved": "https://registry.npmjs.org/@angular/core/-/core-21.2.25.tgz",
      "integrity": "sha512-cku7EX0igTPnuqEWZ1NiQY4Pn1g2xBljQSk1+bXRKnudJiZCK8e1u2v0byNzWuKwmdz7kKXjz71o224HrtccVA==",
      "dev": true,
      "dependencies": {
        "tslib": "^2.3.0"
      },
      "engines": {
        "node": "^20.19.0 || ^22.12.0 || >=24.0.0"
      },
      "peerDependencies": {
        "@angular/compiler": "21.2.25",
        "rxjs": "^6.5.3 || ^7.4.0",
        "zone.js": "~0.15.0 || ~0.16.0"
      },
      "peerDependenciesMeta": {
        "@angular/compiler": {
          "optional": true
        },
        "zone.js": {
          "optional": true
        }
      }
    },
    "node_modules/@angular/platform-browser": {
      "version": "21.2.25",
      "resolved": "https://registry.npmjs.org/@angular/platform-browser/-/platform-browser-21.2.25.tgz",
      "integrity": "sha512-hQgeKZiKt42P+jcf9j7o3c1GSOwOXrAYX2hXCs4A0+/AQ1neAQ20bjjUAgz1fGC4P3bNdurw1ZLLhMA+ZBKPtg==",
      "dev": true,
      "dependencies": {
        "tslib": "^2.3.0"
      },
      "engines": {
        "node": "^20.19.0 || ^22.12.0 || >=24.0.0"
      },
      "peerDependencies": {
        "@angular/animations": "21.2.25",
        "@angular/common": "21.2.25",
        "@angular/core": "21.2.25"
      },
      "peerDependenciesMeta": {
        "@angular/animations": {
          "optional": true
        }
      }
    },
    "node_modules/@angular/router": {
      "version": "21.2.25",
      "resolved": "https://registry.npmjs.org/@angular/router/-/router-21.2.25.tgz",
      "integrity": "sha512-85ZwJCBEpaXBmezusZLlgW2JzEEByzerlWT34I6IK/ZN4AKG8m2B/vlbTkKmHuzCOGWx1L7xFtPg/URkGGKwSA==",
      "dev": true,
      "dependencies": {
        "tslib": "^2.3.0"
      },
      "engines": {
        "node": "^20.19.0 || ^22.12.0 || >=24.0.0"
      },
      "peerDependencies": {
        "@angular/common": "21.2.25",
        "@angular/core": "21.2.25",
        "@angular/platform-browser": "21.2.25",
        "rxjs": "^6.5.3 || ^7.4.0"
      }
    },
    "node_modules/@posthog/browser-common": {
      "version": "0.9.2",
      "resolved": "https://registry.npmjs.org/@posthog/browser-common/-/browser-common-0.9.2.tgz",
      "integrity": "sha512-kD0ayI59d+DVcqEFLFA1TU1B03PFNV/Hy18Yv1EOB24Px0CDDowkTR3pBE2j8MYeqtp+4XOoVTXrcJaJUp6zrg==",
      "dev": true,
      "dependencies": {
        "@posthog/core": "^1.57.0",
        "@posthog/types": "^1.415.1"
      }
    },
    "node_modules/@posthog/core": {
      "version": "1.57.2",
      "resolved": "https://registry.npmjs.org/@posthog/core/-/core-1.57.2.tgz",
      "integrity": "sha512-dfxeSjUvR+j4M7odvyf/KVdcKTZZ87u/l9swJtDt9vFkI2km3RhEveOkIHtFcZEQ1cllx7YaKJfdw6c8zfIEvg==",
      "dev": true,
      "dependencies": {
        "@posthog/types": "^1.415.1"
      }
    },
    "node_modules/@posthog/types": {
      "version": "1.415.1",
      "resolved": "https://registry.npmjs.org/@posthog/types/-/types-1.415.1.tgz",
      "integrity": "sha512-7Qs2wcqipl8KcFpIkIKE1Wcj1djX4dEB3cfq907HrNpKK7/xKh3U4N4bkOD6h9+8j3SxWWrj9JNpE8CZXsE35w==",
      "dev": true
    },
    "node_modules/@types/trusted-types": {
      "version": "2.0.7",
      "resolved": "https://registry.npmjs.org/@types/trusted-types/-/trusted-types-2.0.7.tgz",
      "integrity": "sha512-ScaPdn1dQczgbl0QFTeTOmVHFULt394XJgOQNoyVhZ6r2vLnMLJfBPd53SB52T/3G36VI1/g2MZaX0cwDuXsfw==",
      "dev": true,
      "optional": true
    },
    "node_modules/core-js": {
      "version": "3.50.0",
      "resolved": "https://registry.npmjs.org/core-js/-/core-js-3.50.0.tgz",
      "integrity": "sha512-BRWgOLKkFeCgRudR6zrs8p9XJZcE14grzKMMssoYrk6krtuEZ7MTKPIY5RzOnqsEKIR9kst7wNzphttraT+Yqw==",
      "dev": true,
      "hasInstallScript": true,
      "engines": {
        "node": "*"
      },
      "funding": {
        "type": "opencollective",
        "url": "https://opencollective.com/core-js"
      }
    },
    "node_modules/dompurify": {
      "version": "3.4.16",
      "resolved": "https://registry.npmjs.org/dompurify/-/dompurify-3.4.16.tgz",
      "integrity": "sha512-sqo+pNp3qRhCIpbgRi1y8Tgk27Bo2Ry7w0dC1NBeNTdZChWjz9Xb/KOoZbRP/R6pQZ80Qw8YhXw13hWWBbMRnQ==",
      "dev": true,
      "optionalDependencies": {
        "@types/trusted-types": "^2.0.7"
      }
    },
    "node_modules/fflate": {
      "version": "0.4.9",
      "resolved": "https://registry.npmjs.org/fflate/-/fflate-0.4.9.tgz",
      "integrity": "sha512-zdxgIEddhfsyCaWpJ2SdXEP8ZMrKJ6+5jl4OupODcywU0IhRk6gdXuVGcPICyfx2H97hVK7xmJtRLPjkxAX8Vw==",
      "dev": true
    },
    "node_modules/posthog-js": {
      "version": "1.438.2",
      "resolved": "https://registry.npmjs.org/posthog-js/-/posthog-js-1.438.2.tgz",
      "integrity": "sha512-4AbEQ0lJp4WupgA+y5fiBnepSril+qA1rAYuFy9oKQ0xd8yg19p5XNKDgZW/nGwJF2KVx/joy4vKWhyuJNoCVw==",
      "dev": true,
      "dependencies": {
        "@posthog/browser-common": "^0.9.2",
        "@posthog/core": "^1.57.1",
        "@posthog/types": "^1.415.1",
        "core-js": "^3.49.0",
        "dompurify": "^3.4.13",
        "fflate": "^0.4.8",
        "preact": "^10.29.3",
        "query-selector-shadow-dom": "^1.0.1",
        "web-vitals": "^6.2.1",
        "web-vitals-soft-navs": "npm:web-vitals@6.2.1"
      },
      "peerDependencies": {
        "@types/react": ">=16.8.0",
        "react": ">=16.8.0"
      },
      "peerDependenciesMeta": {
        "@types/react": {
          "optional": true
        },
        "react": {
          "optional": true
        }
      }
    },
    "node_modules/preact": {
      "version": "10.29.8",
      "resolved": "https://registry.npmjs.org/preact/-/preact-10.29.8.tgz",
      "integrity": "sha512-ej2aVZ+vZ8WO7tvlQWRM9N63A0KzF9q4mWJfDUHgYaIofWY9hu74QdnQrjoPMmZi2/nZ5gN0bJCQF49xQqx09Q==",
      "dev": true,
      "funding": {
        "type": "opencollective",
        "url": "https://opencollective.com/preact"
      },
      "peerDependencies": {
        "preact-render-to-string": ">=5"
      },
      "peerDependenciesMeta": {
        "preact-render-to-string": {
          "optional": true
        }
      }
    },
    "node_modules/query-selector-shadow-dom": {
      "version": "1.0.1",
      "resolved": "https://registry.npmjs.org/query-selector-shadow-dom/-/query-selector-shadow-dom-1.0.1.tgz",
      "integrity": "sha512-lT5yCqEBgfoMYpf3F2xQRK7zEr1rhIIZuceDK6+xRkJQ4NMbHTwXqk4NkwDwQMNqXgG9r9fyHnzwNVs6zV5KRw==",
      "dev": true
    },
    "node_modules/rxjs": {
      "version": "7.8.2",
      "resolved": "https://registry.npmjs.org/rxjs/-/rxjs-7.8.2.tgz",
      "integrity": "sha512-dhKf903U/PQZY6boNNtAGdWbG85WAbjT/1xYoZIC7FAY0yWapOBQVsVrDl58W86//e1VpMNBtRV4MaXfdMySFA==",
      "dev": true,
      "dependencies": {
        "tslib": "^2.1.0"
      }
    },
    "node_modules/tslib": {
      "version": "2.8.1",
      "resolved": "https://registry.npmjs.org/tslib/-/tslib-2.8.1.tgz",
      "integrity": "sha512-oJFu94HQb+KVduSUQL7wnpmqnfmLsOA/nAh6b6EH0wCEoK0/mPeXU6c3wKDV83MkOuHPRHtSXKKU99IBazS/2w==",
      "dev": true
    },
    "node_modules/typescript": {
      "version": "5.9.3",
      "resolved": "https://registry.npmjs.org/typescript/-/typescript-5.9.3.tgz",
      "integrity": "sha512-jl1vZzPDinLr9eUt3J/t7V6FgNEw9QjvBPdysz9KfQDD41fQrC2Y4vKQdiaUpFT4bXlb1RHhLpp8wtm6M5TgSw==",
      "dev": true,
      "bin": {
        "tsc": "bin/tsc",
        "tsserver": "bin/tsserver"
      },
      "engines": {
        "node": ">=14.17"
      }
    },
    "node_modules/web-vitals": {
      "version": "6.2.3",
      "resolved": "https://registry.npmjs.org/web-vitals/-/web-vitals-6.2.3.tgz",
      "integrity": "sha512-Dmy+vdO1UPMqXiAtZSNayhl4f794Bxfd94W4HIj2HlYtczEQfEOon969memlcpcHrTuOKLa5baFjX7WbgmOq+A==",
      "dev": true
    },
    "node_modules/web-vitals-soft-navs": {
      "name": "web-vitals",
      "version": "6.2.1",
      "resolved": "https://registry.npmjs.org/web-vitals/-/web-vitals-6.2.1.tgz",
      "integrity": "sha512-rLcLXA2sx6+9dE88NHFubwTtGxpK4yYBLj6qHPdFoCaLr0cXGb4efOqtKLlm4loGA4OEKHIQKMKzZkKyOh5ctw==",
      "dev": true
    }
  }
}
